
Microsoft Visual Studio Solution File, Format Version 12.00
# Visual Studio 2015
Project("{FAE04EC0-301F-11D3-BF4B-00C04F79EFBC}") = "Remote Text Entry On GearVR", "Remote Text Entry On GearVR.csproj", "{DEE4BDC6-8781-A864-3ACA-7EB7B6C4BFBC}"
EndProject
Project("{FAE04EC0-301F-11D3-BF4B-00C04F79EFBC}") = "Remote Text Entry On GearVR.Editor", "Remote Text Entry On GearVR.Editor.csproj", "{C303B7F7-59EA-481C-FA27-39D8F4559FBD}"
EndProject
Global
	GlobalSection(SolutionConfigurationPlatforms) = preSolution
		Debug|Any CPU = Debug|Any CPU
		Release|Any CPU = Release|Any CPU
	EndGlobalSection
	GlobalSection(ProjectConfigurationPlatforms) = postSolution
		{DEE4BDC6-8781-A864-3ACA-7EB7B6C4BFBC}.Debug|Any CPU.ActiveCfg = Debug|Any CPU
		{DEE4BDC6-8781-A864-3ACA-7EB7B6C4BFBC}.Debug|Any CPU.Build.0 = Debug|Any CPU
		{DEE4BDC6-8781-A864-3ACA-7EB7B6C4BFBC}.Release|Any CPU.ActiveCfg = Release|Any CPU
		{DEE4BDC6-8781-A864-3ACA-7EB7B6C4BFBC}.Release|Any CPU.Build.0 = Release|Any CPU
		{C303B7F7-59EA-481C-FA27-39D8F4559FBD}.Debug|Any CPU.ActiveCfg = Debug|Any CPU
		{C303B7F7-59EA-481C-FA27-39D8F4559FBD}.Debug|Any CPU.Build.0 = Debug|Any CPU
		{C303B7F7-59EA-481C-FA27-39D8F4559FBD}.Release|Any CPU.ActiveCfg = Release|Any CPU
		{C303B7F7-59EA-481C-FA27-39D8F4559FBD}.Release|Any CPU.Build.0 = Release|Any CPU
	EndGlobalSection
	GlobalSection(SolutionProperties) = preSolution
		HideSolutionNode = FALSE
	EndGlobalSection
EndGlobal
